
Microsoft Visual Studio Solution File, Format Version 12.00
# Visual Studio Version 16
VisualStudioVersion = 16.0.31424.327
MinimumVisualStudioVersion = 10.0.40219.1
Project("{FAE04EC0-301F-11D3-BF4B-00C04F79EFBC}") = "WebAPI", "WebAPI.csproj", "{DF857505-A536-413D-B427-2DAE77AF3BDD}"
EndProject
Global
	GlobalSection(SolutionConfigurationPlatforms) = preSolution
		Debug|Any CPU = Debug|Any CPU
		Release|Any CPU = Release|Any CPU
	EndGlobalSection
	GlobalSection(ProjectConfigurationPlatforms) = postSolution
		{DF857505-A536-413D-B427-2DAE77AF3BDD}.Debug|Any CPU.ActiveCfg = Debug|Any CPU
		{DF857505-A536-413D-B427-2DAE77AF3BDD}.Debug|Any CPU.Build.0 = Debug|Any CPU
		{DF857505-A536-413D-B427-2DAE77AF3BDD}.Release|Any CPU.ActiveCfg = Release|Any CPU
		{DF857505-A536-413D-B427-2DAE77AF3BDD}.Release|Any CPU.Build.0 = Release|Any CPU
	EndGlobalSection
	GlobalSection(SolutionProperties) = preSolution
		HideSolutionNode = FALSE
	EndGlobalSection
	GlobalSection(ExtensibilityGlobals) = postSolution
		SolutionGuid = {E673BCF7-FFDC-4B03-8894-6ECE0F7161C1}
	EndGlobalSection
EndGlobal
